{
  "name": "react-app",
  "version": "1.0.0",
  "lockfileVersion": 2,
  "dependencies": {
    "react": {
      "version": "18.2.0",
      "resolved": "https://registry.npmjs.org/react/-/react-18.2.0.tgz",
      "integrity": "sha512-MW+03AphKfjYZEuHGpMf16doV6XOM6K5gDQXg0tt6TpHYNSlKtv6rFqGvOxWQ8EBv9t9mj9MRA3HGdq6hTkfKQ==",
      "engines": {
        "node": ">=16.8.0"
      }
    },
    "react-dom": {
      "version": "18.2.0",
      "resolved": "https://registry.npmjs.org/react-dom/-/react-dom-18.2.0.tgz",
      "integrity": "sha512-bMnz9jwR5ZBgtfU6F7Rm+09EVSgjoItpLLYmSbVh/V6cykEKAwBbF9ZFcVV3Pqxh2I6p7Bmb8R7nuyKvnqvMfw==",
      "engines": {
        "node": ">=16.8.0"
      }
    },
    "react-scripts": {
      "version": "5.0.1",
      "resolved": "https://registry.npmjs.org/react-scripts/-/react-scripts-5.0.1.tgz",
      "integrity": "sha512-6l8I5Ml6gStMlU6y41mEdePy0IC4x0ylo8Ydc7I91lCaa8jz/5EwNCDUqUzzwJvkHa9z5E5cMwL2NnWewuw6WQ==",
      "dev": true,
      "engines": {
        "node": ">=14.0.0"
      }
    }
  },
  "devDependencies": {},
  "engines": {
    "node": ">=16.8.0"
  }
}
